github.com/golang/protobuf v1.5.0/go.mod h1:FsONVRAS9T7sI+LIUmWTfcYkHO4aIWwzhcaSAoJOfIk=
github.com/golang/protobuf v1.5.2 h1:ROPKBNFfQgOUMifHyP+KYbvpjbdoFNs+aK7DXlji0Tw=
github.com/golang/protobuf v1.5.2/go.mod h1:XVQd3VNwM+JqD3oG2Ue2ip4fOMUkwXdXDdiuN0vRsmY=
github.com/google/go-cmp v0.5.5/go.mod h1:v8dTdLbMG2kIc/vJvl+f65V22dbkXbowE6jgT/gNBxE=
github.com/raonismaneoto/custom-nfs-server/helpers v0.0.0-20230215225525-2fe91c635545 h1:O8nHkcJ+qkhSf8Ua0D4A7gWWKMS4wkjvyu9k7fCbDuI=
github.com/raonismaneoto/custom-nfs-server/helpers v0.0.0-20230215225525-2fe91c635545/go.mod h1:yom6wPciI4HWmux3Buc4oC09eki8L2sWVFtmsNksrxs=
github.com/raonismaneoto/custom-nfs-server/helpers v0.0.0-20230215232457-9f4c3f096f62 h1:AeuzaRzBfYjK1tikzD2ZRRVZrgWNFJG9zHnmCRCN1z4=
github.com/raonismaneoto/custom-nfs-server/helpers v0.0.0-20230215232457-9f4c3f096f62/go.mod h1:yom6wPciI4HWmux3Buc4oC09eki8L2sWVFtmsNksrxs=
github.com/raonismaneoto/custom-nfs-server/helpers v0.0.0-20230216114952-357e4d54a88d h1:R7nXHtnrN9SbQ7efU3+G/3tHQtB8IPV3E33v2KRLhL8=
github.com/raonismaneoto/custom-nfs-server/helpers v0.0.0-20230216114952-357e4d54a88d/go.mod h1:yom6wPciI4HWmux3Buc4oC09eki8L2sWVFtmsNksrxs=
github.com/raonismaneoto/custom-nfs-server/helpers v0.0.0-20230216224416-23e7922f405e h1:/iutFhoW/8rhN2mCWfOewHCD0vEr3QCbu3+D88J2sPU=
github.com/raonismaneoto/custom-nfs-server/helpers v0.0.0-20230216224416-23e7922f405e/go.mod h1:yom6wPciI4HWmux3Buc4oC09eki8L2sWVFtmsNksrxs=
github.com/raonismaneoto/custom-nfs-server/nfs-client v0.0.0-20230215132254-4ea9e8ddb937 h1:TLnNGcs0eDx8jhOrZo8KMxUlcnCUEjWfD/BVaxG1n4w=
github.com/raonismaneoto/custom-nfs-server/nfs-client v0.0.0-20230215132254-4ea9e8ddb937/go.mod h1:nQxhMOb7SHoEVXczC060AfzFFOlFFx8a5QW1tpZ7QeE=
github.com/raonismaneoto/custom-nfs-server/nfs-client v0.0.0-20230215190024-57dbd7452c36 h1:A6L5wTcXNJIrd6u7oxKiLybQbCIsWgTEnNRd+stObxE=
github.com/raonismaneoto/custom-nfs-server/nfs-client v0.0.0-20230215190024-57dbd7452c36/go.mod h1:/HtBQGDIT/xN6klW+1oHjBkFO1SfuBeyY4FJI4QytUI=
github.com/raonismaneoto/custom-nfs-server/nfs-client v0.0.0-20230216121355-3fc3b0ab050a h1:opFIsIbEAi/+akvVFDhqbmsRyUxUx9MasgfGa8noHwY=
github.com/raonismaneoto/custom-nfs-server/nfs-client v0.0.0-20230216121355-3fc3b0ab050a/go.mod h1:/HtBQGDIT/xN6klW+1oHjBkFO1SfuBeyY4FJI4QytUI=
github.com/raonismaneoto/custom-nfs-server/nfs-client v0.0.0-20230216124150-353788750e12 h1:ElyDiLGvJ7zik5rJD1x9TL47B0q0GcAPfRbSX6+45d4=
github.com/raonismaneoto/custom-nfs-server/nfs-client v0.0.0-20230216124150-353788750e12/go.mod h1:/HtBQGDIT/xN6klW+1oHjBkFO1SfuBeyY4FJI4QytUI=
github.com/raonismaneoto/custom-nfs-server/nfs-client v0.0.0-20230216125517-718319ec623b h1:L15twN9Q3ucRw1XANK9W78zlSYgtu2GY9S8w0ozSc08=
github.com/raonismaneoto/custom-nfs-server/nfs-client v0.0.0-20230216125517-718319ec623b/go.mod h1:/HtBQGDIT/xN6klW+1oHjBkFO1SfuBeyY4FJI4QytUI=
github.com/raonismaneoto/custom-nfs-server/nfs-client v0.0.0-20230216205813-1a7b18caac36 h1:68lO2l1j9ls4dhbqWwqOjh2kCFgJYHnWOOypY2/HULk=
github.com/raonismaneoto/custom-nfs-server/nfs-client v0.0.0-20230216205813-1a7b18caac36/go.mod h1:/HtBQGDIT/xN6klW+1oHjBkFO1SfuBeyY4FJI4QytUI=
github.com/raonismaneoto/custom-nfs-server/nfs-client v0.0.0-20230216210657-259d6481d48a h1:KKRd66GDMK6rrf/kH8HDm/vA6nAVqsIfrlxjGP/Zx4k=
github.com/raonismaneoto/custom-nfs-server/nfs-client v0.0.0-20230216210657-259d6481d48a/go.mod h1:/HtBQGDIT/xN6klW+1oHjBkFO1SfuBeyY4FJI4QytUI=
github.com/raonismaneoto/custom-nfs-server/nfs-client v0.0.0-20230216211846-0434ba1ba5e3 h1:6Bnc/C235TN8n+CpIbW+KGeRm836TUPJQ8j1JmxVk+M=
github.com/raonismaneoto/custom-nfs-server/nfs-client v0.0.0-20230216211846-0434ba1ba5e3/go.mod h1:/HtBQGDIT/xN6klW+1oHjBkFO1SfuBeyY4FJI4QytUI=
github.com/raonismaneoto/custom-nfs-server/nfs-client v0.0.0-20230216223548-35f7e19d4c2a h1:j78Yb8+xUHWotOYO1RavBVvL4GGzfUtlRqKzuDZFDkw=
github.com/raonismaneoto/custom-nfs-server/nfs-client v0.0.0-20230216223548-35f7e19d4c2a/go.mod h1:/HtBQGDIT/xN6klW+1oHjBkFO1SfuBeyY4FJI4QytUI=
github.com/raonismaneoto/custom-nfs-server/nfs-server v0.0.0-20230215132254-4ea9e8ddb937 h1:ViCcx3ErdjruerrXH85cHfJIPm6YOsoj8IG36IWXedM=
github.com/raonismaneoto/custom-nfs-server/nfs-server v0.0.0-20230215132254-4ea9e8ddb937/go.mod h1:M0NII+WJ+zaJax8mSsMnmgLu7QmL6Wlu1nR1jUDl1+E=
golang.org/x/exp v0.0.0-20230213192124-5e25df0256eb h1:PaBZQdo+iSDyHT053FjUCgZQ/9uqVwPOcl7KSWhKn6w=
golang.org/x/exp v0.0.0-20230213192124-5e25df0256eb/go.mod h1:CxIveKay+FTh1D0yPZemJVgC/95VzuuOLq5Qi4xnoYc=
golang.org/x/net v0.5.0 h1:GyT4nK/YDHSqa1c4753ouYCDajOYKTja9Xb/OHtgvSw=
golang.org/x/net v0.5.0/go.mod h1:DivGGAXEgPSlEBzxGzZI+ZLohi+xUj054jfeKui00ws=
golang.org/x/sys v0.4.0 h1:Zr2JFtRQNX3BCZ8YtxRE9hNJYC8J6I1MVbMg6owUp18=
golang.org/x/sys v0.4.0/go.mod h1:oPkhp1MJrh7nUepCBck5+mAzfO9JrbApNNgaTdGDITg=
golang.org/x/text v0.6.0 h1:3XmdazWV+ubf7QgHSTWeykHOci5oeekaGJBLkrkaw4k=
golang.org/x/text v0.6.0/go.mod h1:mrYo+phRRbMaCq/xk9113O4dZlRixOauAjOtrjsXDZ8=
golang.org/x/xerrors v0.0.0-20191204190536-9bdfabe68543/go.mod h1:I/5z698sn9Ka8TeJc9MKroUUfqBBauWjQqLJ2OPfmY0=
google.golang.org/genproto v0.0.0-20230110181048-76db0878b65f h1:BWUVssLB0HVOSY78gIdvk1dTVYtT1y8SBWtPYuTJ/6w=
google.golang.org/genproto v0.0.0-20230110181048-76db0878b65f/go.mod h1:RGgjbofJ8xD9Sq1VVhDM1Vok1vRONV+rg+CjzG4SZKM=
google.golang.org/grpc v1.53.0 h1:LAv2ds7cmFV/XTS3XG1NneeENYrXGmorPxsBbptIjNc=
google.golang.org/grpc v1.53.0/go.mod h1:OnIrk0ipVdj4N5d9IUoFUx72/VlD7+jUsHwZgwSMQpw=
google.golang.org/protobuf v1.26.0-rc.1/go.mod h1:jlhhOSvTdKEhbULTjvd4ARK9grFBp09yW+WbY/TyQbw=
google.golang.org/protobuf v1.26.0/go.mod h1:9q0QmTI4eRPtz6boOQmLYwt+qCgq0jsYwAQnmE0givc=
google.golang.org/protobuf v1.28.1 h1:d0NfwRgPtno5B1Wa6L2DAG+KivqkdutMf1UhdNx175w=
google.golang.org/protobuf v1.28.1/go.mod h1:HV8QOd/L58Z+nl8r43ehVNZIU/HEI6OcFqwMG9pJV4I=
